// !$*UTF8*$!
{
	archiveVersion = 1;
	classes = {
	};
	objectVersion = 46;
	objects = {

/* Begin PBXBuildFile section */
		38C775571E84B61200E8EBA9 /* AppDelegate.swift in Sources */ = {isa = PBXBuildFile; fileRef = 38C775561E84B61200E8EBA9 /* AppDelegate.swift */; };
		38C775591E84B61200E8EBA9 /* ViewController.swift in Sources */ = {isa = PBXBuildFile; fileRef = 38C775581E84B61200E8EBA9 /* ViewController.swift */; };
		38C7755C1E84B61200E8EBA9 /* Main.storyboard in Resources */ = {isa = PBXBuildFile; fileRef = 38C7755A1E84B61200E8EBA9 /* Main.storyboard */; };
		38C7755F1E84B61200E8EBA9 /* DreamLister.xcdatamodeld in Sources */ = {isa = PBXBuildFile; fileRef = 38C7755D1E84B61200E8EBA9 /* DreamLister.xcdatamodeld */; };
		38C775611E84B61200E8EBA9 /* Assets.xcassets in Resources */ = {isa = PBXBuildFile; fileRef = 38C775601E84B61200E8EBA9 /* Assets.xcassets */; };
		38C775641E84B61300E8EBA9 /* LaunchScreen.storyboard in Resources */ = {isa = PBXBuildFile; fileRef = 38C775621E84B61300E8EBA9 /* LaunchScreen.storyboard */; };
		38C775A51E84C22D00E8EBA9 /* Store+CoreDataClass.swift in Sources */ = {isa = PBXBuildFile; fileRef = 38C7759D1E84C22D00E8EBA9 /* Store+CoreDataClass.swift */; };
		38C775A61E84C22D00E8EBA9 /* Store+CoreDataProperties.swift in Sources */ = {isa = PBXBuildFile; fileRef = 38C7759E1E84C22D00E8EBA9 /* Store+CoreDataProperties.swift */; };
		38C775A71E84C22D00E8EBA9 /* ItemType+CoreDataClass.swift in Sources */ = {isa = PBXBuildFile; fileRef = 38C7759F1E84C22D00E8EBA9 /* ItemType+CoreDataClass.swift */; };
		38C775A81E84C22D00E8EBA9 /* ItemType+CoreDataProperties.swift in Sources */ = {isa = PBXBuildFile; fileRef = 38C775A01E84C22D00E8EBA9 /* ItemType+CoreDataProperties.swift */; };
		38C775A91E84C22D00E8EBA9 /* Item+CoreDataClass.swift in Sources */ = {isa = PBXBuildFile; fileRef = 38C775A11E84C22D00E8EBA9 /* Item+CoreDataClass.swift */; };
		38C775AA1E84C22D00E8EBA9 /* Item+CoreDataProperties.swift in Sources */ = {isa = PBXBuildFile; fileRef = 38C775A21E84C22D00E8EBA9 /* Item+CoreDataProperties.swift */; };
		38C775AB1E84C22D00E8EBA9 /* Image+CoreDataClass.swift in Sources */ = {isa = PBXBuildFile; fileRef = 38C775A31E84C22D00E8EBA9 /* Image+CoreDataClass.swift */; };
		38C775AC1E84C22D00E8EBA9 /* Image+CoreDataProperties.swift in Sources */ = {isa = PBXBuildFile; fileRef = 38C775A41E84C22D00E8EBA9 /* Image+CoreDataProperties.swift */; };
/* End PBXBuildFile section */

/* Begin PBXFileReference section */
		38C775531E84B61200E8EBA9 /* DreamLister.app */ = {isa = PBXFileReference; explicitFileType = wrapper.application; includeInIndex = 0; path = DreamLister.app; sourceTree = BUILT_PRODUCTS_DIR; };
		38C775561E84B61200E8EBA9 /* AppDelegate.swift */ = {isa = PBXFileReference; lastKnownFileType = sourcecode.swift; path = AppDelegate.swift; sourceTree = "<group>"; };
		38C775581E84B61200E8EBA9 /* ViewController.swift */ = {isa = PBXFileReference; lastKnownFileType = sourcecode.swift; path = ViewController.swift; sourceTree = "<group>"; };
		38C7755B1E84B61200E8EBA9 /* Base */ = {isa = PBXFileReference; lastKnownFileType = file.storyboard; name = Base; path = Base.lproj/Main.storyboard; sourceTree = "<group>"; };
		38C7755E1E84B61200E8EBA9 /* DreamLister.xcdatamodel */ = {isa = PBXFileReference; lastKnownFileType = wrapper.xcdatamodel; path = DreamLister.xcdatamodel; sourceTree = "<group>"; };
		38C775601E84B61200E8EBA9 /* Assets.xcassets */ = {isa = PBXFileReference; lastKnownFileType = folder.assetcatalog; path = Assets.xcassets; sourceTree = "<group>"; };
		38C775631E84B61300E8EBA9 /* Base */ = {isa = PBXFileReference; lastKnownFileType = file.storyboard; name = Base; path = Base.lproj/LaunchScreen.storyboard; sourceTree = "<group>"; };
		38C775651E84B61300E8EBA9 /* Info.plist */ = {isa = PBXFileReference; lastKnownFileType = text.plist.xml; path = Info.plist; sourceTree = "<group>"; };
		38C7759D1E84C22D00E8EBA9 /* Store+CoreDataClass.swift */ = {isa = PBXFileReference; fileEncoding = 4; lastKnownFileType = sourcecode.swift; path = "Store+CoreDataClass.swift"; sourceTree = "<group>"; };
		38C7759E1E84C22D00E8EBA9 /* Store+CoreDataProperties.swift */ = {isa = PBXFileReference; fileEncoding = 4; lastKnownFileType = sourcecode.swift; path = "Store+CoreDataProperties.swift"; sourceTree = "<group>"; };
		38C7759F1E84C22D00E8EBA9 /* ItemType+CoreDataClass.swift */ = {isa = PBXFileReference; fileEncoding = 4; lastKnownFileType = sourcecode.swift; path = "ItemType+CoreDataClass.swift"; sourceTree = "<group>"; };
		38C775A01E84C22D00E8EBA9 /* ItemType+CoreDataProperties.swift */ = {isa = PBXFileReference; fileEncoding = 4; lastKnownFileType = sourcecode.swift; path = "ItemType+CoreDataProperties.swift"; sourceTree = "<group>"; };
		38C775A11E84C22D00E8EBA9 /* Item+CoreDataClass.swift */ = {isa = PBXFileReference; fileEncoding = 4; lastKnownFileType = sourcecode.swift; path = "Item+CoreDataClass.swift"; sourceTree = "<group>"; };
		38C775A21E84C22D00E8EBA9 /* Item+CoreDataProperties.swift */ = {isa = PBXFileReference; fileEncoding = 4; lastKnownFileType = sourcecode.swift; path = "Item+CoreDataProperties.swift"; sourceTree = "<group>"; };
		38C775A31E84C22D00E8EBA9 /* Image+CoreDataClass.swift */ = {isa = PBXFileReference; fileEncoding = 4; lastKnownFileType = sourcecode.swift; path = "Image+CoreDataClass.swift"; sourceTree = "<group>"; };
		38C775A41E84C22D00E8EBA9 /* Image+CoreDataProperties.swift */ = {isa = PBXFileReference; fileEncoding = 4; lastKnownFileType = sourcecode.swift; path = "Image+CoreDataProperties.swift"; sourceTree = "<group>"; };
/* End PBXFileReference section */

/* Begin PBXFrameworksBuildPhase section */
		38C775501E84B61200E8EBA9 /* Frameworks */ = {
			isa = PBXFrameworksBuildPhase;
			buildActionMask = 2147483647;
			files = (
			);
			runOnlyForDeploymentPostprocessing = 0;
		};
/* End PBXFrameworksBuildPhase section */

/* Begin PBXGroup section */
		38C7754A1E84B61200E8EBA9 = {
			isa = PBXGroup;
			children = (
				38C775551E84B61200E8EBA9 /* DreamLister */,
				38C775541E84B61200E8EBA9 /* Products */,
			);
			sourceTree = "<group>";
		};
		38C775541E84B61200E8EBA9 /* Products */ = {
			isa = PBXGroup;
			children = (
				38C775531E84B61200E8EBA9 /* DreamLister.app */,
			);
			name = Products;
			sourceTree = "<group>";
		};
		38C775551E84B61200E8EBA9 /* DreamLister */ = {
			isa = PBXGroup;
			children = (
				38C775AD1E84C2B300E8EBA9 /* Model */,
				38C775561E84B61200E8EBA9 /* AppDelegate.swift */,
				38C775581E84B61200E8EBA9 /* ViewController.swift */,
				38C7755A1E84B61200E8EBA9 /* Main.storyboard */,
				38C775601E84B61200E8EBA9 /* Assets.xcassets */,
				38C775621E84B61300E8EBA9 /* LaunchScreen.storyboard */,
				38C775651E84B61300E8EBA9 /* Info.plist */,
				38C7755D1E84B61200E8EBA9 /* DreamLister.xcdatamodeld */,
			);
			path = DreamLister;
			sourceTree = "<group>";
		};
		38C775AD1E84C2B300E8EBA9 /* Model */ = {
			isa = PBXGroup;
			children = (
				38C7759D1E84C22D00E8EBA9 /* Store+CoreDataClass.swift */,
				38C7759F1E84C22D00E8EBA9 /* ItemType+CoreDataClass.swift */,
				38C775A11E84C22D00E8EBA9 /* Item+CoreDataClass.swift */,
				38C775A31E84C22D00E8EBA9 /* Image+CoreDataClass.swift */,
				38C775AE1E84C2B900E8EBA9 /* Generated */,
			);
			name = Model;
			sourceTree = "<group>";
		};
		38C775AE1E84C2B900E8EBA9 /* Generated */ = {
			isa = PBXGroup;
			children = (
				38C7759E1E84C22D00E8EBA9 /* Store+CoreDataProperties.swift */,
				38C775A01E84C22D00E8EBA9 /* ItemType+CoreDataProperties.swift */,
				38C775A21E84C22D00E8EBA9 /* Item+CoreDataProperties.swift */,
				38C775A41E84C22D00E8EBA9 /* Image+CoreDataProperties.swift */,
			);
			name = Generated;
			sourceTree = "<group>";
		};
/* End PBXGroup section */

/* Begin PBXNativeTarget section */
		38C775521E84B61200E8EBA9 /* DreamLister */ = {
			isa = PBXNativeTarget;
			buildConfigurationList = 38C775681E84B61300E8EBA9 /* Build configuration list for PBXNativeTarget "DreamLister" */;
			buildPhases = (
				38C7754F1E84B61200E8EBA9 /* Sources */,
				38C775501E84B61200E8EBA9 /* Frameworks */,
				38C775511E84B61200E8EBA9 /* Resources */,
			);
			buildRules = (
			);
			dependencies = (
			);
			name = DreamLister;
			productName = DreamLister;
			productReference = 38C775531E84B61200E8EBA9 /* DreamLister.app */;
			productType = "com.apple.product-type.application";
		};
/* End PBXNativeTarget section */

/* Begin PBXProject section */
		38C7754B1E84B61200E8EBA9 /* Project object */ = {
			isa = PBXProject;
			attributes = {
				LastSwiftUpdateCheck = 0820;
				LastUpgradeCheck = 0820;
				ORGANIZATIONNAME = "App Diggity";
				TargetAttributes = {
					38C775521E84B61200E8EBA9 = {
						CreatedOnToolsVersion = 8.2.1;
						ProvisioningStyle = Automatic;
					};
				};
			};
			buildConfigurationList = 38C7754E1E84B61200E8EBA9 /* Build configuration list for PBXProject "DreamLister" */;
			compatibilityVersion = "Xcode 3.2";
			developmentRegion = English;
			hasScannedForEncodings = 0;
			knownRegions = (
				en,
				Base,
			);
			mainGroup = 38C7754A1E84B61200E8EBA9;
			productRefGroup = 38C775541E84B61200E8EBA9 /* Products */;
			projectDirPath = "";
			projectRoot = "";
			targets = (
				38C775521E84B61200E8EBA9 /* DreamLister */,
			);
		};
/* End PBXProject section */

/* Begin PBXResourcesBuildPhase section */
		38C775511E84B61200E8EBA9 /* Resources */ = {
			isa = PBXResourcesBuildPhase;
			buildActionMask = 2147483647;
			files = (
				38C775641E84B61300E8EBA9 /* LaunchScreen.storyboard in Resources */,
				38C775611E84B61200E8EBA9 /* Assets.xcassets in Resources */,
				38C7755C1E84B61200E8EBA9 /* Main.storyboard in Resources */,
			);
			runOnlyForDeploymentPostprocessing = 0;
		};
/* End PBXResourcesBuildPhase section */

/* Begin PBXSourcesBuildPhase section */
		38C7754F1E84B61200E8EBA9 /* Sources */ = {
			isa = PBXSourcesBuildPhase;
			buildActionMask = 2147483647;
			files = (
				38C775A71E84C22D00E8EBA9 /* ItemType+CoreDataClass.swift in Sources */,
				38C775A61E84C22D00E8EBA9 /* Store+CoreDataProperties.swift in Sources */,
				38C775591E84B61200E8EBA9 /* ViewController.swift in Sources */,
				38C775A51E84C22D00E8EBA9 /* Store+CoreDataClass.swift in Sources */,
				38C775571E84B61200E8EBA9 /* AppDelegate.swift in Sources */,
				38C775A81E84C22D00E8EBA9 /* ItemType+CoreDataProperties.swift in Sources */,
				38C775AA1E84C22D00E8EBA9 /* Item+CoreDataProperties.swift in Sources */,
				38C775A91E84C22D00E8EBA9 /* Item+CoreDataClass.swift in Sources */,
				38C7755F1E84B61200E8EBA9 /* DreamLister.xcdatamodeld in Sources */,
				38C775AB1E84C22D00E8EBA9 /* Image+CoreDataClass.swift in Sources */,
				38C775AC1E84C22D00E8EBA9 /* Image+CoreDataProperties.swift in Sources */,
			);
			runOnlyForDeploymentPostprocessing = 0;
		};
/* End PBXSourcesBuildPhase section */

/* Begin PBXVariantGroup section */
		38C7755A1E84B61200E8EBA9 /* Main.storyboard */ = {
			isa = PBXVariantGroup;
			children = (
				38C7755B1E84B61200E8EBA9 /* Base */,
			);
			name = Main.storyboard;
			sourceTree = "<group>";
		};
		38C775621E84B61300E8EBA9 /* LaunchScreen.storyboard */ = {
			isa = PBXVariantGroup;
			children = (
				38C775631E84B61300E8EBA9 /* Base */,
			);
			name = LaunchScreen.storyboard;
			sourceTree = "<group>";
		};
/* End PBXVariantGroup section */

/* Begin XCBuildConfiguration section */
		38C775661E84B61300E8EBA9 /* Debug */ = {
			isa = XCBuildConfiguration;
			buildSettings = {
				ALWAYS_SEARCH_USER_PATHS = NO;
				CLANG_ANALYZER_NONNULL = YES;
				CLANG_CXX_LANGUAGE_STANDARD = "gnu++0x";
				CLANG_CXX_LIBRARY = "libc++";
				CLANG_ENABLE_MODULES = YES;
				CLANG_ENABLE_OBJC_ARC = YES;
				CLANG_WARN_BOOL_CONVERSION = YES;
				CLANG_WARN_CONSTANT_CONVERSION = YES;
				CLANG_WARN_DIRECT_OBJC_ISA_USAGE = YES_ERROR;
				CLANG_WARN_DOCUMENTATION_COMMENTS = YES;
				CLANG_WARN_EMPTY_BODY = YES;
				CLANG_WARN_ENUM_CONVERSION = YES;
				CLANG_WARN_INFINITE_RECURSION = YES;
				CLANG_WARN_INT_CONVERSION = YES;
				CLANG_WARN_OBJC_ROOT_CLASS = YES_ERROR;
				CLANG_WARN_SUSPICIOUS_MOVE = YES;
				CLANG_WARN_UNREACHABLE_CODE = YES;
				CLANG_WARN__DUPLICATE_METHOD_MATCH = YES;
				"CODE_SIGN_IDENTITY[sdk=iphoneos*]" = "iPhone Developer";
				COPY_PHASE_STRIP = NO;
				DEBUG_INFORMATION_FORMAT = dwarf;
				ENABLE_STRICT_OBJC_MSGSEND = YES;
				ENABLE_TESTABILITY = YES;
				GCC_C_LANGUAGE_STANDARD = gnu99;
				GCC_DYNAMIC_NO_PIC = NO;
				GCC_NO_COMMON_BLOCKS = YES;
				GCC_OPTIMIZATION_LEVEL = 0;
				GCC_PREPROCESSOR_DEFINITIONS = (
					"DEBUG=1",
					"$(inherited)",
				);
				GCC_WARN_64_TO_32_BIT_CONVERSION = YES;
				GCC_WARN_ABOUT_RETURN_TYPE = YES_ERROR;
				GCC_WARN_UNDECLARED_SELECTOR = YES;
				GCC_WARN_UNINITIALIZED_AUTOS = YES_AGGRESSIVE;
				GCC_WARN_UNUSED_FUNCTION = YES;
				GCC_WARN_UNUSED_VARIABLE = YES;
				IPHONEOS_DEPLOYMENT_TARGET = 10.2;
				MTL_ENABLE_DEBUG_INFO = YES;
				ONLY_ACTIVE_ARCH = YES;
				SDKROOT = iphoneos;
				SWIFT_ACTIVE_COMPILATION_CONDITIONS = DEBUG;
				SWIFT_OPTIMIZATION_LEVEL = "-Onone";
				TARGETED_DEVICE_FAMILY = "1,2";
			};
			name = Debug;
		};
		38C775671E84B61300E8EBA9 /* Release */ = {
			isa = XCBuildConfiguration;
			buildSettings = {
				ALWAYS_SEARCH_USER_PATHS = NO;
				CLANG_ANALYZER_NONNULL = YES;
				CLANG_CXX_LANGUAGE_STANDARD = "gnu++0x";
				CLANG_CXX_LIBRARY = "libc++";
				CLANG_ENABLE_MODULES = YES;
				CLANG_ENABLE_OBJC_ARC = YES;
				CLANG_WARN_BOOL_CONVERSION = YES;
				CLANG_WARN_CONSTANT_CONVERSION = YES;
				CLANG_WARN_DIRECT_OBJC_ISA_USAGE = YES_ERROR;
				CLANG_WARN_DOCUMENTATION_COMMENTS = YES;
				CLANG_WARN_EMPTY_BODY = YES;
				CLANG_WARN_ENUM_CONVERSION = YES;
				CLANG_WARN_INFINITE_RECURSION = YES;
				CLANG_WARN_INT_CONVERSION = YES;
				CLANG_WARN_OBJC_ROOT_CLASS = YES_ERROR;
				CLANG_WARN_SUSPICIOUS_MOVE = YES;
				CLANG_WARN_UNREACHABLE_CODE = YES;
				CLANG_WARN__DUPLICATE_METHOD_MATCH = YES;
				"CODE_SIGN_IDENTITY[sdk=iphoneos*]" = "iPhone Developer";
				COPY_PHASE_STRIP = NO;
				DEBUG_INFORMATION_FORMAT = "dwarf-with-dsym";
				ENABLE_NS_ASSERTIONS = NO;
				ENABLE_STRICT_OBJC_MSGSEND = YES;
				GCC_C_LANGUAGE_STANDARD = gnu99;
				GCC_NO_COMMON_BLOCKS = YES;
				GCC_WARN_64_TO_32_BIT_CONVERSION = YES;
				GCC_WARN_ABOUT_RETURN_TYPE = YES_ERROR;
				GCC_WARN_UNDECLARED_SELECTOR = YES;
				GCC_WARN_UNINITIALIZED_AUTOS = YES_AGGRESSIVE;
				GCC_WARN_UNUSED_FUNCTION = YES;
				GCC_WARN_UNUSED_VARIABLE = YES;
				IPHONEOS_DEPLOYMENT_TARGET = 10.2;
				MTL_ENABLE_DEBUG_INFO = NO;
				SDKROOT = iphoneos;
				SWIFT_OPTIMIZATION_LEVEL = "-Owholemodule";
				TARGETED_DEVICE_FAMILY = "1,2";
				VALIDATE_PRODUCT = YES;
			};
			name = Release;
		};
		38C775691E84B61300E8EBA9 /* Debug */ = {
			isa = XCBuildConfiguration;
			buildSettings = {
				ASSETCATALOG_COMPILER_APPICON_NAME = AppIcon;
				INFOPLIST_FILE = DreamLister/Info.plist;
				LD_RUNPATH_SEARCH_PATHS = "$(inherited) @executable_path/Frameworks";
				PRODUCT_BUNDLE_IDENTIFIER = com.appdiggity.DreamLister;
				PRODUCT_NAME = "$(TARGET_NAME)";
				SWIFT_VERSION = 3.0;
			};
			name = Debug;
		};
		38C7756A1E84B61300E8EBA9 /* Release */ = {
			isa = XCBuildConfiguration;
			buildSettings = {
				ASSETCATALOG_COMPILER_APPICON_NAME = AppIcon;
				INFOPLIST_FILE = DreamLister/Info.plist;
				LD_RUNPATH_SEARCH_PATHS = "$(inherited) @executable_path/Frameworks";
				PRODUCT_BUNDLE_IDENTIFIER = com.appdiggity.DreamLister;
				PRODUCT_NAME = "$(TARGET_NAME)";
				SWIFT_VERSION = 3.0;
			};
			name = Release;
		};
/* End XCBuildConfiguration section */

/* Begin XCConfigurationList section */
		38C7754E1E84B61200E8EBA9 /* Build configuration list for PBXProject "DreamLister" */ = {
			isa = XCConfigurationList;
			buildConfigurations = (
				38C775661E84B61300E8EBA9 /* Debug */,
				38C775671E84B61300E8EBA9 /* Release */,
			);
			defaultConfigurationIsVisible = 0;
			defaultConfigurationName = Release;
		};
		38C775681E84B61300E8EBA9 /* Build configuration list for PBXNativeTarget "DreamLister" */ = {
			isa = XCConfigurationList;
			buildConfigurations = (
				38C775691E84B61300E8EBA9 /* Debug */,
				38C7756A1E84B61300E8EBA9 /* Release */,
			);
			defaultConfigurationIsVisible = 0;
		};
/* End XCConfigurationList section */

/* Begin XCVersionGroup section */
		38C7755D1E84B61200E8EBA9 /* DreamLister.xcdatamodeld */ = {
			isa = XCVersionGroup;
			children = (
				38C7755E1E84B61200E8EBA9 /* DreamLister.xcdatamodel */,
			);
			currentVersion = 38C7755E1E84B61200E8EBA9 /* DreamLister.xcdatamodel */;
			path = DreamLister.xcdatamodeld;
			sourceTree = "<group>";
			versionGroupType = wrapper.xcdatamodel;
		};
/* End XCVersionGroup section */
	};
	rootObject = 38C7754B1E84B61200E8EBA9 /* Project object */;
}
